{
  "name": "workpsaces-05",
  "version": "1.0.0",
  "lockfileVersion": 3,
  "requires": true,
  "packages": {
    "": {
      "name": "workpsaces-05",
      "version": "1.0.0",
      "license": "ISC",
      "workspaces": [
        "packages/*"
      ]
    },
    "node_modules/@packages/api": {
      "resolved": "packages/api",
      "link": true
    },
    "node_modules/@packages/utils": {
      "resolved": "packages/utils",
      "link": true
    },
    "packages/api": {
      "name": "@packages/api",
      "version": "1.0.0",
      "license": "ISC",
      "dependencies": {
        "@packages/utils": "*"
      }
    },
    "packages/utils": {
      "name": "@packages/utils",
      "version": "1.0.0",
      "license": "ISC"
    }
  }
}
